
Microsoft Visual Studio Solution File, Format Version 12.00
# Visual Studio Version 17
VisualStudioVersion = 17.14.36518.9
MinimumVisualStudioVersion = 10.0.40219.1
Project("{2150E333-8FDC-42A3-9474-1A3956D46DE8}") = "src", "src", "{02EA681E-C7D8-13C7-8484-4AC65E1B71E8}"
EndProject
Project("{2150E333-8FDC-42A3-9474-1A3956D46DE8}") = "01.Domain", "01.Domain", "{AA0D29F6-7927-4FF6-B76D-359DC848452A}"
EndProject
Project("{2150E333-8FDC-42A3-9474-1A3956D46DE8}") = "02.Infrastructure", "02.Infrastructure", "{3908907F-F7A5-4640-9DE2-DC727FD5E66F}"
EndProject
Project("{2150E333-8FDC-42A3-9474-1A3956D46DE8}") = "03.EndPoint", "03.EndPoint", "{CC91646A-5316-4751-A926-76B5357C5707}"
EndProject
Project("{2150E333-8FDC-42A3-9474-1A3956D46DE8}") = "Core", "Core", "{B6FF2BAD-01DA-4401-BB5B-24E263B1DD3D}"
EndProject
Project("{2150E333-8FDC-42A3-9474-1A3956D46DE8}") = "Services", "Services", "{D993735E-87C3-4BEE-8BE5-232D537905B8}"
EndProject
Project("{2150E333-8FDC-42A3-9474-1A3956D46DE8}") = "DataAccess", "DataAccess", "{CA97E0DA-7300-4EDC-A872-23101FAB6796}"
EndProject
Project("{2150E333-8FDC-42A3-9474-1A3956D46DE8}") = "Db", "Db", "{F33E93A2-FBAB-46FB-9A66-DABB211387DE}"
EndProject
Project("{FAE04EC0-301F-11D3-BF4B-00C04F79EFBC}") = "Blog.EndPoint.MVC", "src\03.EndPoint\Blog.EndPoint.MVC\Blog.EndPoint.MVC.csproj", "{97C48F46-C8AD-4128-9FBC-4DFD1FD8F535}"
EndProject
Project("{FAE04EC0-301F-11D3-BF4B-00C04F79EFBC}") = "Blog.Domain.Core", "src\01.Domain\Core\Blog.Domain.Core\Blog.Domain.Core.csproj", "{3F1784AB-6ED4-4BA3-80A9-A5C7B537703E}"
EndProject
Project("{FAE04EC0-301F-11D3-BF4B-00C04F79EFBC}") = "Blog.Domain.AppServices", "src\01.Domain\Services\Blog.Domain.AppServices\Blog.Domain.AppServices.csproj", "{B06B118F-C3F9-47DD-AFE5-A120612BCA62}"
EndProject
Project("{FAE04EC0-301F-11D3-BF4B-00C04F79EFBC}") = "Blog.Domain.Services", "src\01.Domain\Services\Blog.Domain.Services\Blog.Domain.Services.csproj", "{0112EEF5-8F5F-4BCA-8B31-C4E4892949FB}"
EndProject
Project("{FAE04EC0-301F-11D3-BF4B-00C04F79EFBC}") = "Blog.Infra.DA", "src\02.Infrastracture\DataAccess\Blog.Infra.DA\Blog.Infra.DA.csproj", "{D0D88CC2-E0DC-4CC6-BC05-614C3F1075E6}"
EndProject
Project("{FAE04EC0-301F-11D3-BF4B-00C04F79EFBC}") = "Blog.Infra.Db", "src\02.Infrastracture\Db\Blog.Infra.Db\Blog.Infra.Db.csproj", "{72873264-6C44-46AB-8D99-658EE6F950C3}"
EndProject
Project("{2150E333-8FDC-42A3-9474-1A3956D46DE8}") = "FrameWork", "FrameWork", "{20BFE2B6-A4E1-4485-9F36-E2350FC5D135}"
EndProject
Project("{FAE04EC0-301F-11D3-BF4B-00C04F79EFBC}") = "Blog.FrameWork", "FrameWork\Blog.FrameWork\Blog.FrameWork.csproj", "{747C0D00-7ED8-467B-B4A5-1806662C67A2}"
EndProject
Global
	GlobalSection(SolutionConfigurationPlatforms) = preSolution
		Debug|Any CPU = Debug|Any CPU
		Release|Any CPU = Release|Any CPU
	EndGlobalSection
	GlobalSection(ProjectConfigurationPlatforms) = postSolution
		{97C48F46-C8AD-4128-9FBC-4DFD1FD8F535}.Debug|Any CPU.ActiveCfg = Debug|Any CPU
		{97C48F46-C8AD-4128-9FBC-4DFD1FD8F535}.Debug|Any CPU.Build.0 = Debug|Any CPU
		{97C48F46-C8AD-4128-9FBC-4DFD1FD8F535}.Release|Any CPU.ActiveCfg = Release|Any CPU
		{97C48F46-C8AD-4128-9FBC-4DFD1FD8F535}.Release|Any CPU.Build.0 = Release|Any CPU
		{3F1784AB-6ED4-4BA3-80A9-A5C7B537703E}.Debug|Any CPU.ActiveCfg = Debug|Any CPU
		{3F1784AB-6ED4-4BA3-80A9-A5C7B537703E}.Debug|Any CPU.Build.0 = Debug|Any CPU
		{3F1784AB-6ED4-4BA3-80A9-A5C7B537703E}.Release|Any CPU.ActiveCfg = Release|Any CPU
		{3F1784AB-6ED4-4BA3-80A9-A5C7B537703E}.Release|Any CPU.Build.0 = Release|Any CPU
		{B06B118F-C3F9-47DD-AFE5-A120612BCA62}.Debug|Any CPU.ActiveCfg = Debug|Any CPU
		{B06B118F-C3F9-47DD-AFE5-A120612BCA62}.Debug|Any CPU.Build.0 = Debug|Any CPU
		{B06B118F-C3F9-47DD-AFE5-A120612BCA62}.Release|Any CPU.ActiveCfg = Release|Any CPU
		{B06B118F-C3F9-47DD-AFE5-A120612BCA62}.Release|Any CPU.Build.0 = Release|Any CPU
		{0112EEF5-8F5F-4BCA-8B31-C4E4892949FB}.Debug|Any CPU.ActiveCfg = Debug|Any CPU
		{0112EEF5-8F5F-4BCA-8B31-C4E4892949FB}.Debug|Any CPU.Build.0 = Debug|Any CPU
		{0112EEF5-8F5F-4BCA-8B31-C4E4892949FB}.Release|Any CPU.ActiveCfg = Release|Any CPU
		{0112EEF5-8F5F-4BCA-8B31-C4E4892949FB}.Release|Any CPU.Build.0 = Release|Any CPU
		{D0D88CC2-E0DC-4CC6-BC05-614C3F1075E6}.Debug|Any CPU.ActiveCfg = Debug|Any CPU
		{D0D88CC2-E0DC-4CC6-BC05-614C3F1075E6}.Debug|Any CPU.Build.0 = Debug|Any CPU
		{D0D88CC2-E0DC-4CC6-BC05-614C3F1075E6}.Release|Any CPU.ActiveCfg = Release|Any CPU
		{D0D88CC2-E0DC-4CC6-BC05-614C3F1075E6}.Release|Any CPU.Build.0 = Release|Any CPU
		{72873264-6C44-46AB-8D99-658EE6F950C3}.Debug|Any CPU.ActiveCfg = Debug|Any CPU
		{72873264-6C44-46AB-8D99-658EE6F950C3}.Debug|Any CPU.Build.0 = Debug|Any CPU
		{72873264-6C44-46AB-8D99-658EE6F950C3}.Release|Any CPU.ActiveCfg = Release|Any CPU
		{72873264-6C44-46AB-8D99-658EE6F950C3}.Release|Any CPU.Build.0 = Release|Any CPU
		{747C0D00-7ED8-467B-B4A5-1806662C67A2}.Debug|Any CPU.ActiveCfg = Debug|Any CPU
		{747C0D00-7ED8-467B-B4A5-1806662C67A2}.Debug|Any CPU.Build.0 = Debug|Any CPU
		{747C0D00-7ED8-467B-B4A5-1806662C67A2}.Release|Any CPU.ActiveCfg = Release|Any CPU
		{747C0D00-7ED8-467B-B4A5-1806662C67A2}.Release|Any CPU.Build.0 = Release|Any CPU
	EndGlobalSection
	GlobalSection(SolutionProperties) = preSolution
		HideSolutionNode = FALSE
	EndGlobalSection
	GlobalSection(NestedProjects) = preSolution
		{AA0D29F6-7927-4FF6-B76D-359DC848452A} = {02EA681E-C7D8-13C7-8484-4AC65E1B71E8}
		{3908907F-F7A5-4640-9DE2-DC727FD5E66F} = {02EA681E-C7D8-13C7-8484-4AC65E1B71E8}
		{CC91646A-5316-4751-A926-76B5357C5707} = {02EA681E-C7D8-13C7-8484-4AC65E1B71E8}
		{B6FF2BAD-01DA-4401-BB5B-24E263B1DD3D} = {AA0D29F6-7927-4FF6-B76D-359DC848452A}
		{D993735E-87C3-4BEE-8BE5-232D537905B8} = {AA0D29F6-7927-4FF6-B76D-359DC848452A}
		{CA97E0DA-7300-4EDC-A872-23101FAB6796} = {3908907F-F7A5-4640-9DE2-DC727FD5E66F}
		{F33E93A2-FBAB-46FB-9A66-DABB211387DE} = {3908907F-F7A5-4640-9DE2-DC727FD5E66F}
		{97C48F46-C8AD-4128-9FBC-4DFD1FD8F535} = {CC91646A-5316-4751-A926-76B5357C5707}
		{3F1784AB-6ED4-4BA3-80A9-A5C7B537703E} = {B6FF2BAD-01DA-4401-BB5B-24E263B1DD3D}
		{B06B118F-C3F9-47DD-AFE5-A120612BCA62} = {D993735E-87C3-4BEE-8BE5-232D537905B8}
		{0112EEF5-8F5F-4BCA-8B31-C4E4892949FB} = {D993735E-87C3-4BEE-8BE5-232D537905B8}
		{D0D88CC2-E0DC-4CC6-BC05-614C3F1075E6} = {CA97E0DA-7300-4EDC-A872-23101FAB6796}
		{72873264-6C44-46AB-8D99-658EE6F950C3} = {F33E93A2-FBAB-46FB-9A66-DABB211387DE}
		{747C0D00-7ED8-467B-B4A5-1806662C67A2} = {20BFE2B6-A4E1-4485-9F36-E2350FC5D135}
	EndGlobalSection
	GlobalSection(ExtensibilityGlobals) = postSolution
		SolutionGuid = {41F7FED4-709A-49BC-A142-CDFA2A059D8A}
	EndGlobalSection
EndGlobal
